
Microsoft Visual Studio Solution File, Format Version 12.00
# Visual Studio Version 16
VisualStudioVersion = 16.0.30011.22
MinimumVisualStudioVersion = 10.0.40219.1
Project("{9A19103F-16F7-4668-BE54-9A1E7A4F7556}") = "mitoSoft.Matrices.Tests", "mitoSoft.Matrices.Tests\mitoSoft.Matrices.Tests.csproj", "{146E600E-D645-47E7-8320-EA2E7B48852D}"
EndProject
Project("{9A19103F-16F7-4668-BE54-9A1E7A4F7556}") = "mitoSoft.Matrices", "mitoSoft.Matrices\mitoSoft.Matrices.csproj", "{ECF69834-A7C4-4D64-9A78-C3245DDE030C}"
EndProject
Global
	GlobalSection(SolutionConfigurationPlatforms) = preSolution
		Debug|Any CPU = Debug|Any CPU
		Release|Any CPU = Release|Any CPU
	EndGlobalSection
	GlobalSection(ProjectConfigurationPlatforms) = postSolution
		{146E600E-D645-47E7-8320-EA2E7B48852D}.Debug|Any CPU.ActiveCfg = Debug|Any CPU
		{146E600E-D645-47E7-8320-EA2E7B48852D}.Debug|Any CPU.Build.0 = Debug|Any CPU
		{146E600E-D645-47E7-8320-EA2E7B48852D}.Release|Any CPU.ActiveCfg = Release|Any CPU
		{146E600E-D645-47E7-8320-EA2E7B48852D}.Release|Any CPU.Build.0 = Release|Any CPU
		{ECF69834-A7C4-4D64-9A78-C3245DDE030C}.Debug|Any CPU.ActiveCfg = Debug|Any CPU
		{ECF69834-A7C4-4D64-9A78-C3245DDE030C}.Debug|Any CPU.Build.0 = Debug|Any CPU
		{ECF69834-A7C4-4D64-9A78-C3245DDE030C}.Release|Any CPU.ActiveCfg = Release|Any CPU
		{ECF69834-A7C4-4D64-9A78-C3245DDE030C}.Release|Any CPU.Build.0 = Release|Any CPU
	EndGlobalSection
	GlobalSection(SolutionProperties) = preSolution
		HideSolutionNode = FALSE
	EndGlobalSection
	GlobalSection(ExtensibilityGlobals) = postSolution
		SolutionGuid = {3118EC2D-0988-4A2A-B75C-AB608A531A6B}
	EndGlobalSection
EndGlobal
